
Microsoft Visual Studio Solution File, Format Version 12.00
# Visual Studio Version 16
VisualStudioVersion = 16.0.33328.57
MinimumVisualStudioVersion = 10.0.40219.1
Project("{FAE04EC0-301F-11D3-BF4B-00C04F79EFBC}") = "SimpleCalculator", "SimpleCalculator\SimpleCalculator.csproj", "{CBE8AFE6-CACA-4723-B64D-EB195FBECC6D}"
EndProject
Global
	GlobalSection(SolutionConfigurationPlatforms) = preSolution
		Debug|Any CPU = Debug|Any CPU
		Release|Any CPU = Release|Any CPU
	EndGlobalSection
	GlobalSection(ProjectConfigurationPlatforms) = postSolution
		{CBE8AFE6-CACA-4723-B64D-EB195FBECC6D}.Debug|Any CPU.ActiveCfg = Debug|Any CPU
		{CBE8AFE6-CACA-4723-B64D-EB195FBECC6D}.Debug|Any CPU.Build.0 = Debug|Any CPU
		{CBE8AFE6-CACA-4723-B64D-EB195FBECC6D}.Release|Any CPU.ActiveCfg = Release|Any CPU
		{CBE8AFE6-CACA-4723-B64D-EB195FBECC6D}.Release|Any CPU.Build.0 = Release|Any CPU
	EndGlobalSection
	GlobalSection(SolutionProperties) = preSolution
		HideSolutionNode = FALSE
	EndGlobalSection
	GlobalSection(ExtensibilityGlobals) = postSolution
		SolutionGuid = {6A93E1F9-EF04-4F6F-A71A-5BF9F00C3603}
	EndGlobalSection
EndGlobal
